// !$*UTF8*$!
{
	archiveVersion = 1;
	classes = {
	};
	objectVersion = 50;
	objects = {

/* Begin PBXBuildFile section */
		EC7F2BD0251F5EFA0027BCA4 /* AppDelegate.swift in Sources */ = {isa = PBXBuildFile; fileRef = EC7F2BCF251F5EFA0027BCA4 /* AppDelegate.swift */; };
		EC7F2BD2251F5EFA0027BCA4 /* GameScene.sks in Resources */ = {isa = PBXBuildFile; fileRef = EC7F2BD1251F5EFA0027BCA4 /* GameScene.sks */; };
		EC7F2BD4251F5EFA0027BCA4 /* Actions.sks in Resources */ = {isa = PBXBuildFile; fileRef = EC7F2BD3251F5EFA0027BCA4 /* Actions.sks */; };
		EC7F2BD6251F5EFA0027BCA4 /* GameScene.swift in Sources */ = {isa = PBXBuildFile; fileRef = EC7F2BD5251F5EFA0027BCA4 /* GameScene.swift */; };
		EC7F2BD8251F5EFA0027BCA4 /* GameViewController.swift in Sources */ = {isa = PBXBuildFile; fileRef = EC7F2BD7251F5EFA0027BCA4 /* GameViewController.swift */; };
		EC7F2BDB251F5EFA0027BCA4 /* Main.storyboard in Resources */ = {isa = PBXBuildFile; fileRef = EC7F2BD9251F5EFA0027BCA4 /* Main.storyboard */; };
		EC7F2BDD251F5EFD0027BCA4 /* Assets.xcassets in Resources */ = {isa = PBXBuildFile; fileRef = EC7F2BDC251F5EFD0027BCA4 /* Assets.xcassets */; };
/* End PBXBuildFile section */

/* Begin PBXFileReference section */
		EC7F2BCC251F5EFA0027BCA4 /* gameBiasa.app */ = {isa = PBXFileReference; explicitFileType = wrapper.application; includeInIndex = 0; path = gameBiasa.app; sourceTree = BUILT_PRODUCTS_DIR; };
		EC7F2BCF251F5EFA0027BCA4 /* AppDelegate.swift */ = {isa = PBXFileReference; lastKnownFileType = sourcecode.swift; path = AppDelegate.swift; sourceTree = "<group>"; };
		EC7F2BD1251F5EFA0027BCA4 /* GameScene.sks */ = {isa = PBXFileReference; lastKnownFileType = file.sks; path = GameScene.sks; sourceTree = "<group>"; };
		EC7F2BD3251F5EFA0027BCA4 /* Actions.sks */ = {isa = PBXFileReference; lastKnownFileType = file.sks; path = Actions.sks; sourceTree = "<group>"; };
		EC7F2BD5251F5EFA0027BCA4 /* GameScene.swift */ = {isa = PBXFileReference; lastKnownFileType = sourcecode.swift; path = GameScene.swift; sourceTree = "<group>"; };
		EC7F2BD7251F5EFA0027BCA4 /* GameViewController.swift */ = {isa = PBXFileReference; lastKnownFileType = sourcecode.swift; path = GameViewController.swift; sourceTree = "<group>"; };
		EC7F2BDA251F5EFA0027BCA4 /* Base */ = {isa = PBXFileReference; lastKnownFileType = file.storyboard; name = Base; path = Base.lproj/Main.storyboard; sourceTree = "<group>"; };
		EC7F2BDC251F5EFD0027BCA4 /* Assets.xcassets */ = {isa = PBXFileReference; lastKnownFileType = folder.assetcatalog; path = Assets.xcassets; sourceTree = "<group>"; };
		EC7F2BDE251F5EFD0027BCA4 /* Info.plist */ = {isa = PBXFileReference; lastKnownFileType = text.plist.xml; path = Info.plist; sourceTree = "<group>"; };
/* End PBXFileReference section */

/* Begin PBXFrameworksBuildPhase section */
		EC7F2BC9251F5EFA0027BCA4 /* Frameworks */ = {
			isa = PBXFrameworksBuildPhase;
			buildActionMask = 2147483647;
			files = (
			);
			runOnlyForDeploymentPostprocessing = 0;
		};
/* End PBXFrameworksBuildPhase section */

/* Begin PBXGroup section */
		EC7F2BC3251F5EFA0027BCA4 = {
			isa = PBXGroup;
			children = (
				EC7F2BCE251F5EFA0027BCA4 /* gameBiasa */,
				EC7F2BCD251F5EFA0027BCA4 /* Products */,
			);
			sourceTree = "<group>";
		};
		EC7F2BCD251F5EFA0027BCA4 /* Products */ = {
			isa = PBXGroup;
			children = (
				EC7F2BCC251F5EFA0027BCA4 /* gameBiasa.app */,
			);
			name = Products;
			sourceTree = "<group>";
		};
		EC7F2BCE251F5EFA0027BCA4 /* gameBiasa */ = {
			isa = PBXGroup;
			children = (
				EC7F2BCF251F5EFA0027BCA4 /* AppDelegate.swift */,
				EC7F2BD1251F5EFA0027BCA4 /* GameScene.sks */,
				EC7F2BD3251F5EFA0027BCA4 /* Actions.sks */,
				EC7F2BD5251F5EFA0027BCA4 /* GameScene.swift */,
				EC7F2BD7251F5EFA0027BCA4 /* GameViewController.swift */,
				EC7F2BD9251F5EFA0027BCA4 /* Main.storyboard */,
				EC7F2BDC251F5EFD0027BCA4 /* Assets.xcassets */,
				EC7F2BDE251F5EFD0027BCA4 /* Info.plist */,
			);
			path = gameBiasa;
			sourceTree = "<group>";
		};
/* End PBXGroup section */

/* Begin PBXNativeTarget section */
		EC7F2BCB251F5EFA0027BCA4 /* gameBiasa */ = {
			isa = PBXNativeTarget;
			buildConfigurationList = EC7F2BE1251F5EFD0027BCA4 /* Build configuration list for PBXNativeTarget "gameBiasa" */;
			buildPhases = (
				EC7F2BC8251F5EFA0027BCA4 /* Sources */,
				EC7F2BC9251F5EFA0027BCA4 /* Frameworks */,
				EC7F2BCA251F5EFA0027BCA4 /* Resources */,
			);
			buildRules = (
			);
			dependencies = (
			);
			name = gameBiasa;
			productName = gameBiasa;
			productReference = EC7F2BCC251F5EFA0027BCA4 /* gameBiasa.app */;
			productType = "com.apple.product-type.application";
		};
/* End PBXNativeTarget section */

/* Begin PBXProject section */
		EC7F2BC4251F5EFA0027BCA4 /* Project object */ = {
			isa = PBXProject;
			attributes = {
				LastSwiftUpdateCheck = 1200;
				LastUpgradeCheck = 1200;
				TargetAttributes = {
					EC7F2BCB251F5EFA0027BCA4 = {
						CreatedOnToolsVersion = 12.0;
					};
				};
			};
			buildConfigurationList = EC7F2BC7251F5EFA0027BCA4 /* Build configuration list for PBXProject "gameBiasa" */;
			compatibilityVersion = "Xcode 9.3";
			developmentRegion = en;
			hasScannedForEncodings = 0;
			knownRegions = (
				en,
				Base,
			);
			mainGroup = EC7F2BC3251F5EFA0027BCA4;
			productRefGroup = EC7F2BCD251F5EFA0027BCA4 /* Products */;
			projectDirPath = "";
			projectRoot = "";
			targets = (
				EC7F2BCB251F5EFA0027BCA4 /* gameBiasa */,
			);
		};
/* End PBXProject section */

/* Begin PBXResourcesBuildPhase section */
		EC7F2BCA251F5EFA0027BCA4 /* Resources */ = {
			isa = PBXResourcesBuildPhase;
			buildActionMask = 2147483647;
			files = (
				EC7F2BDB251F5EFA0027BCA4 /* Main.storyboard in Resources */,
				EC7F2BD2251F5EFA0027BCA4 /* GameScene.sks in Resources */,
				EC7F2BDD251F5EFD0027BCA4 /* Assets.xcassets in Resources */,
				EC7F2BD4251F5EFA0027BCA4 /* Actions.sks in Resources */,
			);
			runOnlyForDeploymentPostprocessing = 0;
		};
/* End PBXResourcesBuildPhase section */

/* Begin PBXSourcesBuildPhase section */
		EC7F2BC8251F5EFA0027BCA4 /* Sources */ = {
			isa = PBXSourcesBuildPhase;
			buildActionMask = 2147483647;
			files = (
				EC7F2BD6251F5EFA0027BCA4 /* GameScene.swift in Sources */,
				EC7F2BD8251F5EFA0027BCA4 /* GameViewController.swift in Sources */,
				EC7F2BD0251F5EFA0027BCA4 /* AppDelegate.swift in Sources */,
			);
			runOnlyForDeploymentPostprocessing = 0;
		};
/* End PBXSourcesBuildPhase section */

/* Begin PBXVariantGroup section */
		EC7F2BD9251F5EFA0027BCA4 /* Main.storyboard */ = {
			isa = PBXVariantGroup;
			children = (
				EC7F2BDA251F5EFA0027BCA4 /* Base */,
			);
			name = Main.storyboard;
			sourceTree = "<group>";
		};
/* End PBXVariantGroup section */

/* Begin XCBuildConfiguration section */
		EC7F2BDF251F5EFD0027BCA4 /* Debug */ = {
			isa = XCBuildConfiguration;
			buildSettings = {
				ALWAYS_SEARCH_USER_PATHS = NO;
				CLANG_ANALYZER_NONNULL = YES;
				CLANG_ANALYZER_NUMBER_OBJECT_CONVERSION = YES_AGGRESSIVE;
				CLANG_CXX_LANGUAGE_STANDARD = "gnu++14";
				CLANG_CXX_LIBRARY = "libc++";
				CLANG_ENABLE_MODULES = YES;
				CLANG_ENABLE_OBJC_ARC = YES;
				CLANG_ENABLE_OBJC_WEAK = YES;
				CLANG_WARN_BLOCK_CAPTURE_AUTORELEASING = YES;
				CLANG_WARN_BOOL_CONVERSION = YES;
				CLANG_WARN_COMMA = YES;
				CLANG_WARN_CONSTANT_CONVERSION = YES;
				CLANG_WARN_DEPRECATED_OBJC_IMPLEMENTATIONS = YES;
				CLANG_WARN_DIRECT_OBJC_ISA_USAGE = YES_ERROR;
				CLANG_WARN_DOCUMENTATION_COMMENTS = YES;
				CLANG_WARN_EMPTY_BODY = YES;
				CLANG_WARN_ENUM_CONVERSION = YES;
				CLANG_WARN_INFINITE_RECURSION = YES;
				CLANG_WARN_INT_CONVERSION = YES;
				CLANG_WARN_NON_LITERAL_NULL_CONVERSION = YES;
				CLANG_WARN_OBJC_IMPLICIT_RETAIN_SELF = YES;
				CLANG_WARN_OBJC_LITERAL_CONVERSION = YES;
				CLANG_WARN_OBJC_ROOT_CLASS = YES_ERROR;
				CLANG_WARN_QUOTED_INCLUDE_IN_FRAMEWORK_HEADER = YES;
				CLANG_WARN_RANGE_LOOP_ANALYSIS = YES;
				CLANG_WARN_STRICT_PROTOTYPES = YES;
				CLANG_WARN_SUSPICIOUS_MOVE = YES;
				CLANG_WARN_UNGUARDED_AVAILABILITY = YES_AGGRESSIVE;
				CLANG_WARN_UNREACHABLE_CODE = YES;
				CLANG_WARN__DUPLICATE_METHOD_MATCH = YES;
				COPY_PHASE_STRIP = NO;
				DEBUG_INFORMATION_FORMAT = dwarf;
				ENABLE_STRICT_OBJC_MSGSEND = YES;
				ENABLE_TESTABILITY = YES;
				GCC_C_LANGUAGE_STANDARD = gnu11;
				GCC_DYNAMIC_NO_PIC = NO;
				GCC_NO_COMMON_BLOCKS = YES;
				GCC_OPTIMIZATION_LEVEL = 0;
				GCC_PREPROCESSOR_DEFINITIONS = (
					"DEBUG=1",
					"$(inherited)",
				);
				GCC_WARN_64_TO_32_BIT_CONVERSION = YES;
				GCC_WARN_ABOUT_RETURN_TYPE = YES_ERROR;
				GCC_WARN_UNDECLARED_SELECTOR = YES;
				GCC_WARN_UNINITIALIZED_AUTOS = YES_AGGRESSIVE;
				GCC_WARN_UNUSED_FUNCTION = YES;
				GCC_WARN_UNUSED_VARIABLE = YES;
				IPHONEOS_DEPLOYMENT_TARGET = 14.0;
				MTL_ENABLE_DEBUG_INFO = INCLUDE_SOURCE;
				MTL_FAST_MATH = YES;
				ONLY_ACTIVE_ARCH = YES;
				SDKROOT = iphoneos;
				SWIFT_ACTIVE_COMPILATION_CONDITIONS = DEBUG;
				SWIFT_OPTIMIZATION_LEVEL = "-Onone";
			};
			name = Debug;
		};
		EC7F2BE0251F5EFD0027BCA4 /* Release */ = {
			isa = XCBuildConfiguration;
			buildSettings = {
				ALWAYS_SEARCH_USER_PATHS = NO;
				CLANG_ANALYZER_NONNULL = YES;
				CLANG_ANALYZER_NUMBER_OBJECT_CONVERSION = YES_AGGRESSIVE;
				CLANG_CXX_LANGUAGE_STANDARD = "gnu++14";
				CLANG_CXX_LIBRARY = "libc++";
				CLANG_ENABLE_MODULES = YES;
				CLANG_ENABLE_OBJC_ARC = YES;
				CLANG_ENABLE_OBJC_WEAK = YES;
				CLANG_WARN_BLOCK_CAPTURE_AUTORELEASING = YES;
				CLANG_WARN_BOOL_CONVERSION = YES;
				CLANG_WARN_COMMA = YES;
				CLANG_WARN_CONSTANT_CONVERSION = YES;
				CLANG_WARN_DEPRECATED_OBJC_IMPLEMENTATIONS = YES;
				CLANG_WARN_DIRECT_OBJC_ISA_USAGE = YES_ERROR;
				CLANG_WARN_DOCUMENTATION_COMMENTS = YES;
				CLANG_WARN_EMPTY_BODY = YES;
				CLANG_WARN_ENUM_CONVERSION = YES;
				CLANG_WARN_INFINITE_RECURSION = YES;
				CLANG_WARN_INT_CONVERSION = YES;
				CLANG_WARN_NON_LITERAL_NULL_CONVERSION = YES;
				CLANG_WARN_OBJC_IMPLICIT_RETAIN_SELF = YES;
				CLANG_WARN_OBJC_LITERAL_CONVERSION = YES;
				CLANG_WARN_OBJC_ROOT_CLASS = YES_ERROR;
				CLANG_WARN_QUOTED_INCLUDE_IN_FRAMEWORK_HEADER = YES;
				CLANG_WARN_RANGE_LOOP_ANALYSIS = YES;
				CLANG_WARN_STRICT_PROTOTYPES = YES;
				CLANG_WARN_SUSPICIOUS_MOVE = YES;
				CLANG_WARN_UNGUARDED_AVAILABILITY = YES_AGGRESSIVE;
				CLANG_WARN_UNREACHABLE_CODE = YES;
				CLANG_WARN__DUPLICATE_METHOD_MATCH = YES;
				COPY_PHASE_STRIP = NO;
				DEBUG_INFORMATION_FORMAT = "dwarf-with-dsym";
				ENABLE_NS_ASSERTIONS = NO;
				ENABLE_STRICT_OBJC_MSGSEND = YES;
				GCC_C_LANGUAGE_STANDARD = gnu11;
				GCC_NO_COMMON_BLOCKS = YES;
				GCC_WARN_64_TO_32_BIT_CONVERSION = YES;
				GCC_WARN_ABOUT_RETURN_TYPE = YES_ERROR;
				GCC_WARN_UNDECLARED_SELECTOR = YES;
				GCC_WARN_UNINITIALIZED_AUTOS = YES_AGGRESSIVE;
				GCC_WARN_UNUSED_FUNCTION = YES;
				GCC_WARN_UNUSED_VARIABLE = YES;
				IPHONEOS_DEPLOYMENT_TARGET = 14.0;
				MTL_ENABLE_DEBUG_INFO = NO;
				MTL_FAST_MATH = YES;
				SDKROOT = iphoneos;
				SWIFT_COMPILATION_MODE = wholemodule;
				SWIFT_OPTIMIZATION_LEVEL = "-O";
				VALIDATE_PRODUCT = YES;
			};
			name = Release;
		};
		EC7F2BE2251F5EFD0027BCA4 /* Debug */ = {
			isa = XCBuildConfiguration;
			buildSettings = {
				ASSETCATALOG_COMPILER_APPICON_NAME = AppIcon;
				ASSETCATALOG_COMPILER_GLOBAL_ACCENT_COLOR_NAME = AccentColor;
				CODE_SIGN_STYLE = Automatic;
				DEVELOPMENT_TEAM = C8XJKQSAWS;
				INFOPLIST_FILE = gameBiasa/Info.plist;
				LD_RUNPATH_SEARCH_PATHS = (
					"$(inherited)",
					"@executable_path/Frameworks",
				);
				PRODUCT_BUNDLE_IDENTIFIER = com.ismail..gameBiasa;
				PRODUCT_NAME = "$(TARGET_NAME)";
				SWIFT_VERSION = 5.0;
				TARGETED_DEVICE_FAMILY = "1,2";
			};
			name = Debug;
		};
		EC7F2BE3251F5EFD0027BCA4 /* Release */ = {
			isa = XCBuildConfiguration;
			buildSettings = {
				ASSETCATALOG_COMPILER_APPICON_NAME = AppIcon;
				ASSETCATALOG_COMPILER_GLOBAL_ACCENT_COLOR_NAME = AccentColor;
				CODE_SIGN_STYLE = Automatic;
				DEVELOPMENT_TEAM = C8XJKQSAWS;
				INFOPLIST_FILE = gameBiasa/Info.plist;
				LD_RUNPATH_SEARCH_PATHS = (
					"$(inherited)",
					"@executable_path/Frameworks",
				);
				PRODUCT_BUNDLE_IDENTIFIER = com.ismail..gameBiasa;
				PRODUCT_NAME = "$(TARGET_NAME)";
				SWIFT_VERSION = 5.0;
				TARGETED_DEVICE_FAMILY = "1,2";
			};
			name = Release;
		};
/* End XCBuildConfiguration section */

/* Begin XCConfigurationList section */
		EC7F2BC7251F5EFA0027BCA4 /* Build configuration list for PBXProject "gameBiasa" */ = {
			isa = XCConfigurationList;
			buildConfigurations = (
				EC7F2BDF251F5EFD0027BCA4 /* Debug */,
				EC7F2BE0251F5EFD0027BCA4 /* Release */,
			);
			defaultConfigurationIsVisible = 0;
			defaultConfigurationName = Release;
		};
		EC7F2BE1251F5EFD0027BCA4 /* Build configuration list for PBXNativeTarget "gameBiasa" */ = {
			isa = XCConfigurationList;
			buildConfigurations = (
				EC7F2BE2251F5EFD0027BCA4 /* Debug */,
				EC7F2BE3251F5EFD0027BCA4 /* Release */,
			);
			defaultConfigurationIsVisible = 0;
			defaultConfigurationName = Release;
		};
/* End XCConfigurationList section */
	};
	rootObject = EC7F2BC4251F5EFA0027BCA4 /* Project object */;
}
